
Microsoft Visual Studio Solution File, Format Version 12.00
# Visual Studio Version 17
VisualStudioVersion = 17.8.34525.116
MinimumVisualStudioVersion = 10.0.40219.1
Project("{FAE04EC0-301F-11D3-BF4B-00C04F79EFBC}") = "test_OS", "test_OS.csproj", "{99FAA722-337C-4D23-AEEC-62DFB1F03BC9}"
EndProject
Global
	GlobalSection(SolutionConfigurationPlatforms) = preSolution
		Debug|Any CPU = Debug|Any CPU
		Release|Any CPU = Release|Any CPU
	EndGlobalSection
	GlobalSection(ProjectConfigurationPlatforms) = postSolution
		{99FAA722-337C-4D23-AEEC-62DFB1F03BC9}.Debug|Any CPU.ActiveCfg = Debug|Any CPU
		{99FAA722-337C-4D23-AEEC-62DFB1F03BC9}.Debug|Any CPU.Build.0 = Debug|Any CPU
		{99FAA722-337C-4D23-AEEC-62DFB1F03BC9}.Release|Any CPU.ActiveCfg = Release|Any CPU
		{99FAA722-337C-4D23-AEEC-62DFB1F03BC9}.Release|Any CPU.Build.0 = Release|Any CPU
	EndGlobalSection
	GlobalSection(SolutionProperties) = preSolution
		HideSolutionNode = FALSE
	EndGlobalSection
	GlobalSection(ExtensibilityGlobals) = postSolution
		SolutionGuid = {0C653183-0458-451E-9C01-1B46B2DD1AD7}
	EndGlobalSection
EndGlobal
